{
  "version": 4,
  "terraform_version": "1.13.4",
  "serial": 41,
  "lineage": "cc2624c3-b2a5-5989-8794-40548d48ad9f",
  "outputs": {
    "network_summary": {
      "value": {
        "environment": "dev",
        "site": "onprem",
        "subnets": [
          "10.20.0.0/24"
        ],
        "vnets": [
          "vnetdev1"
        ],
        "zone": "devzone"
      },
      "type": [
        "object",
        {
          "environment": "string",
          "site": "string",
          "subnets": [
            "tuple",
            [
              "string"
            ]
          ],
          "vnets": [
            "tuple",
            [
              "string"
            ]
          ],
          "zone": "string"
        }
      ]
    },
    "subnet_details": {
      "value": {
        "vnetdev1": {
          "cidr": "10.20.0.0/24",
          "gateway": "10.20.0.1",
          "id": "devzone-10.20.0.0-24",
          "vnet": "vnetdev1"
        }
      },
      "type": [
        "object",
        {
          "vnetdev1": [
            "object",
            {
              "cidr": "string",
              "gateway": "string",
              "id": "string",
              "vnet": "string"
            }
          ]
        }
      ]
    },
    "subnet_ids": {
      "value": {
        "vnetdev1": "devzone-10.20.0.0-24"
      },
      "type": [
        "object",
        {
          "vnetdev1": "string"
        }
      ]
    },
    "vnet_details": {
      "value": {
        "vnetdev1": {
          "alias": "Dev Linux segment",
          "id": "vnetdev1",
          "tag": 20,
          "zone": "devzone"
        }
      },
      "type": [
        "object",
        {
          "vnetdev1": [
            "object",
            {
              "alias": "string",
              "id": "string",
              "tag": "number",
              "zone": "string"
            }
          ]
        }
      ]
    },
    "vnet_ids": {
      "value": {
        "vnetdev1": "vnetdev1"
      },
      "type": [
        "object",
        {
          "vnetdev1": "string"
        }
      ]
    },
    "zone_bridge": {
      "value": "vmbr0",
      "type": "string"
    },
    "zone_id": {
      "value": "devzone",
      "type": "string"
    },
    "zone_mtu": {
      "value": 1500,
      "type": "number"
    }
  },
  "resources": [
    {
      "mode": "managed",
      "type": "null_resource",
      "name": "enable_zone_dhcp",
      "provider": "provider[\"registry.terraform.io/hashicorp/null\"]",
      "instances": [
        {
          "status": "tainted",
          "schema_version": 0,
          "attributes": {
            "id": "3629930293806170793",
            "triggers": {
              "zone_id": "devzone"
            }
          },
          "sensitive_attributes": [],
          "identity_schema_version": 0,
          "dependencies": [
            "proxmox_virtual_environment_sdn_subnet.subnets",
            "proxmox_virtual_environment_sdn_vnet.vnets",
            "proxmox_virtual_environment_sdn_zone_vlan.main"
          ]
        }
      ]
    },
    {
      "mode": "managed",
      "type": "proxmox_virtual_environment_sdn_subnet",
      "name": "subnets",
      "provider": "provider[\"registry.terraform.io/bpg/proxmox\"]",
      "instances": [
        {
          "index_key": "vnetdev1",
          "schema_version": 0,
          "attributes": {
            "cidr": "10.20.0.0/24",
            "dhcp_dns_server": "10.20.0.10",
            "dhcp_range": {
              "end_address": "10.20.0.200",
              "start_address": "10.20.0.100"
            },
            "dns_zone_prefix": null,
            "gateway": "10.20.0.1",
            "id": "devzone-10.20.0.0-24",
            "snat": null,
            "vnet": "vnetdev1"
          },
          "sensitive_attributes": [],
          "identity_schema_version": 0,
          "dependencies": [
            "proxmox_virtual_environment_sdn_vnet.vnets",
            "proxmox_virtual_environment_sdn_zone_vlan.main"
          ]
        }
      ]
    },
    {
      "mode": "managed",
      "type": "proxmox_virtual_environment_sdn_vnet",
      "name": "vnets",
      "provider": "provider[\"registry.terraform.io/bpg/proxmox\"]",
      "instances": [
        {
          "index_key": "vnetdev1",
          "schema_version": 0,
          "attributes": {
            "alias": "Dev Linux segment",
            "id": "vnetdev1",
            "isolate_ports": null,
            "tag": 20,
            "vlan_aware": null,
            "zone": "devzone"
          },
          "sensitive_attributes": [],
          "identity_schema_version": 0,
          "dependencies": [
            "proxmox_virtual_environment_sdn_zone_vlan.main"
          ]
        }
      ]
    },
    {
      "mode": "managed",
      "type": "proxmox_virtual_environment_sdn_zone_vlan",
      "name": "main",
      "provider": "provider[\"registry.terraform.io/bpg/proxmox\"]",
      "instances": [
        {
          "schema_version": 0,
          "attributes": {
            "bridge": "vmbr0",
            "dns": null,
            "dns_zone": null,
            "id": "devzone",
            "ipam": "pve",
            "mtu": 1500,
            "nodes": [],
            "pending": true,
            "reverse_dns": null,
            "state": "changed"
          },
          "sensitive_attributes": [],
          "identity_schema_version": 0
        }
      ]
    }
  ],
  "check_results": null
}
