{
  "version": 4,
  "terraform_version": "1.13.4",
  "serial": 6,
  "lineage": "a27bd4aa-b6c7-e3b4-3df0-157c45015af7",
  "outputs": {
    "subnet_details": {
      "value": {
        "vnetdev1": {
          "cidr": "10.20.0.0/24",
          "gateway": "10.20.0.1",
          "snat": true,
          "vnet": "vnetdev1"
        }
      },
      "type": [
        "object",
        {
          "vnetdev1": [
            "object",
            {
              "cidr": "string",
              "gateway": "string",
              "snat": "bool",
              "vnet": "string"
            }
          ]
        }
      ]
    },
    "vnet_details": {
      "value": {
        "vnetdev1": {
          "alias": "Dev Linux segment",
          "cidr": "10.20.0.0/24",
          "gateway": "10.20.0.1",
          "id": "vnetdev1",
          "tag": 20,
          "zone": "devzone"
        }
      },
      "type": [
        "object",
        {
          "vnetdev1": [
            "object",
            {
              "alias": "string",
              "cidr": "string",
              "gateway": "string",
              "id": "string",
              "tag": "number",
              "zone": "string"
            }
          ]
        }
      ]
    },
    "zone_bridge": {
      "value": "vmbr0",
      "type": "string"
    },
    "zone_id": {
      "value": "devzone",
      "type": "string"
    }
  },
  "resources": [
    {
      "mode": "managed",
      "type": "proxmox_virtual_environment_sdn_subnet",
      "name": "subnets",
      "provider": "provider[\"registry.terraform.io/bpg/proxmox\"]",
      "instances": [
        {
          "index_key": "vnetdev1",
          "schema_version": 0,
          "attributes": {
            "cidr": "10.20.0.0/24",
            "dhcp_dns_server": null,
            "dhcp_range": null,
            "dns_zone_prefix": null,
            "gateway": "10.20.0.1",
            "id": "devzone-10.20.0.0-24",
            "snat": true,
            "vnet": "vnetdev1"
          },
          "sensitive_attributes": [],
          "identity_schema_version": 0
        }
      ]
    },
    {
      "mode": "managed",
      "type": "proxmox_virtual_environment_sdn_vnet",
      "name": "vnets",
      "provider": "provider[\"registry.terraform.io/bpg/proxmox\"]",
      "instances": [
        {
          "index_key": "vnetdev1",
          "schema_version": 0,
          "attributes": {
            "alias": "Dev Linux segment",
            "id": "vnetdev1",
            "isolate_ports": null,
            "tag": 20,
            "vlan_aware": null,
            "zone": "devzone"
          },
          "sensitive_attributes": [],
          "identity_schema_version": 0,
          "dependencies": [
            "proxmox_virtual_environment_sdn_zone_vlan.main"
          ]
        }
      ]
    },
    {
      "mode": "managed",
      "type": "proxmox_virtual_environment_sdn_zone_vlan",
      "name": "main",
      "provider": "provider[\"registry.terraform.io/bpg/proxmox\"]",
      "instances": [
        {
          "schema_version": 0,
          "attributes": {
            "bridge": "vmbr0",
            "dns": null,
            "dns_zone": null,
            "id": "devzone",
            "ipam": "pve",
            "mtu": 1500,
            "nodes": [],
            "pending": true,
            "reverse_dns": null,
            "state": "changed"
          },
          "sensitive_attributes": [],
          "identity_schema_version": 0
        }
      ]
    }
  ],
  "check_results": null
}
