{
  "version": 4,
  "terraform_version": "1.13.4",
  "serial": 4,
  "lineage": "6cb92aec-18a7-98f5-a142-1f1ee03c559f",
  "outputs": {
    "subnet_details": {
      "value": {
        "vnetmgmt": {
          "cidr": "10.10.0.0/24",
          "gateway": "10.10.0.1",
          "snat": true,
          "vnet": "vnetmgmt"
        }
      },
      "type": [
        "object",
        {
          "vnetmgmt": [
            "object",
            {
              "cidr": "string",
              "gateway": "string",
              "snat": "bool",
              "vnet": "string"
            }
          ]
        }
      ]
    },
    "vnet_details": {
      "value": {
        "vnetmgmt": {
          "alias": "Management plane - can reach all VLANs",
          "cidr": "10.10.0.0/24",
          "gateway": "10.10.0.1",
          "id": "vnetmgmt",
          "tag": 10,
          "zone": "mgmtzone"
        }
      },
      "type": [
        "object",
        {
          "vnetmgmt": [
            "object",
            {
              "alias": "string",
              "cidr": "string",
              "gateway": "string",
              "id": "string",
              "tag": "number",
              "zone": "string"
            }
          ]
        }
      ]
    },
    "zone_bridge": {
      "value": "vmbr0",
      "type": "string"
    },
    "zone_id": {
      "value": "mgmtzone",
      "type": "string"
    }
  },
  "resources": [
    {
      "mode": "managed",
      "type": "proxmox_virtual_environment_sdn_subnet",
      "name": "subnets",
      "provider": "provider[\"registry.terraform.io/bpg/proxmox\"]",
      "instances": [
        {
          "index_key": "vnetmgmt",
          "schema_version": 0,
          "attributes": {
            "cidr": "10.10.0.0/24",
            "dhcp_dns_server": null,
            "dhcp_range": null,
            "dns_zone_prefix": null,
            "gateway": "10.10.0.1",
            "id": "mgmtzone-10.10.0.0-24",
            "snat": true,
            "vnet": "vnetmgmt"
          },
          "sensitive_attributes": [],
          "identity_schema_version": 0,
          "dependencies": [
            "proxmox_virtual_environment_sdn_vnet.vnets",
            "proxmox_virtual_environment_sdn_zone_vlan.main"
          ]
        }
      ]
    },
    {
      "mode": "managed",
      "type": "proxmox_virtual_environment_sdn_vnet",
      "name": "vnets",
      "provider": "provider[\"registry.terraform.io/bpg/proxmox\"]",
      "instances": [
        {
          "index_key": "vnetmgmt",
          "schema_version": 0,
          "attributes": {
            "alias": "Management plane - can reach all VLANs",
            "id": "vnetmgmt",
            "isolate_ports": null,
            "tag": 10,
            "vlan_aware": null,
            "zone": "mgmtzone"
          },
          "sensitive_attributes": [],
          "identity_schema_version": 0,
          "dependencies": [
            "proxmox_virtual_environment_sdn_zone_vlan.main"
          ]
        }
      ]
    },
    {
      "mode": "managed",
      "type": "proxmox_virtual_environment_sdn_zone_vlan",
      "name": "main",
      "provider": "provider[\"registry.terraform.io/bpg/proxmox\"]",
      "instances": [
        {
          "schema_version": 0,
          "attributes": {
            "bridge": "vmbr0",
            "dns": null,
            "dns_zone": null,
            "id": "mgmtzone",
            "ipam": null,
            "mtu": null,
            "nodes": [],
            "pending": null,
            "reverse_dns": null,
            "state": "new"
          },
          "sensitive_attributes": [],
          "identity_schema_version": 0
        }
      ]
    }
  ],
  "check_results": null
}
