{
  "version": 4,
  "terraform_version": "1.13.4",
  "serial": 4,
  "lineage": "819b3f8d-2379-cf9f-7814-5c704d19a835",
  "outputs": {
    "subnet_details": {
      "value": {
        "vnetobs": {
          "cidr": "10.11.0.0/24",
          "gateway": "10.11.0.1",
          "snat": true,
          "vnet": "vnetobs"
        }
      },
      "type": [
        "object",
        {
          "vnetobs": [
            "object",
            {
              "cidr": "string",
              "gateway": "string",
              "snat": "bool",
              "vnet": "string"
            }
          ]
        }
      ]
    },
    "vnet_details": {
      "value": {
        "vnetobs": {
          "alias": "Observability - read-only scraping into workloads",
          "cidr": "10.11.0.0/24",
          "gateway": "10.11.0.1",
          "id": "vnetobs",
          "tag": 11,
          "zone": "obszone"
        }
      },
      "type": [
        "object",
        {
          "vnetobs": [
            "object",
            {
              "alias": "string",
              "cidr": "string",
              "gateway": "string",
              "id": "string",
              "tag": "number",
              "zone": "string"
            }
          ]
        }
      ]
    },
    "zone_bridge": {
      "value": "vmbr0",
      "type": "string"
    },
    "zone_id": {
      "value": "obszone",
      "type": "string"
    }
  },
  "resources": [
    {
      "mode": "managed",
      "type": "proxmox_virtual_environment_sdn_subnet",
      "name": "subnets",
      "provider": "provider[\"registry.terraform.io/bpg/proxmox\"]",
      "instances": [
        {
          "index_key": "vnetobs",
          "schema_version": 0,
          "attributes": {
            "cidr": "10.11.0.0/24",
            "dhcp_dns_server": null,
            "dhcp_range": null,
            "dns_zone_prefix": null,
            "gateway": "10.11.0.1",
            "id": "obszone-10.11.0.0-24",
            "snat": true,
            "vnet": "vnetobs"
          },
          "sensitive_attributes": [],
          "identity_schema_version": 0,
          "dependencies": [
            "proxmox_virtual_environment_sdn_vnet.vnets",
            "proxmox_virtual_environment_sdn_zone_vlan.main"
          ]
        }
      ]
    },
    {
      "mode": "managed",
      "type": "proxmox_virtual_environment_sdn_vnet",
      "name": "vnets",
      "provider": "provider[\"registry.terraform.io/bpg/proxmox\"]",
      "instances": [
        {
          "index_key": "vnetobs",
          "schema_version": 0,
          "attributes": {
            "alias": "Observability - read-only scraping into workloads",
            "id": "vnetobs",
            "isolate_ports": null,
            "tag": 11,
            "vlan_aware": null,
            "zone": "obszone"
          },
          "sensitive_attributes": [],
          "identity_schema_version": 0,
          "dependencies": [
            "proxmox_virtual_environment_sdn_zone_vlan.main"
          ]
        }
      ]
    },
    {
      "mode": "managed",
      "type": "proxmox_virtual_environment_sdn_zone_vlan",
      "name": "main",
      "provider": "provider[\"registry.terraform.io/bpg/proxmox\"]",
      "instances": [
        {
          "schema_version": 0,
          "attributes": {
            "bridge": "vmbr0",
            "dns": null,
            "dns_zone": null,
            "id": "obszone",
            "ipam": null,
            "mtu": null,
            "nodes": [],
            "pending": null,
            "reverse_dns": null,
            "state": "new"
          },
          "sensitive_attributes": [],
          "identity_schema_version": 0
        }
      ]
    }
  ],
  "check_results": null
}
